
Microsoft Visual Studio Solution File, Format Version 12.00
# Visual Studio Version 16
VisualStudioVersion = 16.0.29318.209
MinimumVisualStudioVersion = 10.0.40219.1
Project("{FAE04EC0-301F-11D3-BF4B-00C04F79EFBC}") = "ConsoleApp15", "ConsoleApp15\ConsoleApp15.csproj", "{499A8FFB-7623-4276-B11E-6B05D0E8241E}"
EndProject
Global
	GlobalSection(SolutionConfigurationPlatforms) = preSolution
		Debug|Any CPU = Debug|Any CPU
		Release|Any CPU = Release|Any CPU
	EndGlobalSection
	GlobalSection(ProjectConfigurationPlatforms) = postSolution
		{499A8FFB-7623-4276-B11E-6B05D0E8241E}.Debug|Any CPU.ActiveCfg = Debug|Any CPU
		{499A8FFB-7623-4276-B11E-6B05D0E8241E}.Debug|Any CPU.Build.0 = Debug|Any CPU
		{499A8FFB-7623-4276-B11E-6B05D0E8241E}.Release|Any CPU.ActiveCfg = Release|Any CPU
		{499A8FFB-7623-4276-B11E-6B05D0E8241E}.Release|Any CPU.Build.0 = Release|Any CPU
	EndGlobalSection
	GlobalSection(SolutionProperties) = preSolution
		HideSolutionNode = FALSE
	EndGlobalSection
	GlobalSection(ExtensibilityGlobals) = postSolution
		SolutionGuid = {542BF49A-D6F8-4FA2-95F6-C0179CC2A284}
	EndGlobalSection
EndGlobal
